
Microsoft Visual Studio Solution File, Format Version 12.00
Project("{2150E333-8FDC-42A3-9474-1A3956D46DE8}") = "ADP_HM01", "ADP_HM01", "{74FDB200-FCD3-4272-A011-CBF2D2E4768F}"
	ProjectSection(SolutionItems) = preProject
		ADP_HM01\Program.cs = ADP_HM01\Program.cs
		ADP_HM01\Reader.cs = ADP_HM01\Reader.cs
		ADP_HM01\Book.cs = ADP_HM01\Book.cs
		ADP_HM01\Library.cs = ADP_HM01\Library.cs
	EndProjectSection
EndProject
Global
	GlobalSection(SolutionConfigurationPlatforms) = preSolution
		Debug|Any CPU = Debug|Any CPU
		Release|Any CPU = Release|Any CPU
	EndGlobalSection
	GlobalSection(ProjectConfigurationPlatforms) = postSolution
	EndGlobalSection
EndGlobal
# END update
